
Microsoft Visual Studio Solution File, Format Version 12.00
# Visual Studio Version 17
VisualStudioVersion = 17.1.32210.238
MinimumVisualStudioVersion = 10.0.40219.1
Project("{8BC9CEB8-8B4A-11D0-8D11-00A0C91BC942}") = "week1", "week1\week1.vcxproj", "{174156FC-9398-4166-B661-49A84203B2D3}"
EndProject
Project("{8BC9CEB8-8B4A-11D0-8D11-00A0C91BC942}") = "week2", "week2\week2.vcxproj", "{49F09269-50E0-4801-9215-F79A151BB37D}"
EndProject
Project("{8BC9CEB8-8B4A-11D0-8D11-00A0C91BC942}") = "week3", "week3\week3.vcxproj", "{736A8338-9335-49B0-950D-BD415AADCDBC}"
EndProject
Project("{8BC9CEB8-8B4A-11D0-8D11-00A0C91BC942}") = "week4", "week4\week4.vcxproj", "{74A1E4ED-4ACF-472F-BCAE-D84D38CB1854}"
EndProject
Project("{8BC9CEB8-8B4A-11D0-8D11-00A0C91BC942}") = "week5", "week5\week5.vcxproj", "{98BEC852-2844-4C40-BAB1-6320BFDD223C}"
EndProject
Project("{8BC9CEB8-8B4A-11D0-8D11-00A0C91BC942}") = "week6_MIdTest", "week6_MIdTest\week6_MIdTest.vcxproj", "{472166F3-13E1-46A1-89CB-D623A074E2AE}"
EndProject
Global
	GlobalSection(SolutionConfigurationPlatforms) = preSolution
		Debug|x64 = Debug|x64
		Debug|x86 = Debug|x86
		Release|x64 = Release|x64
		Release|x86 = Release|x86
	EndGlobalSection
	GlobalSection(ProjectConfigurationPlatforms) = postSolution
		{174156FC-9398-4166-B661-49A84203B2D3}.Debug|x64.ActiveCfg = Debug|x64
		{174156FC-9398-4166-B661-49A84203B2D3}.Debug|x64.Build.0 = Debug|x64
		{174156FC-9398-4166-B661-49A84203B2D3}.Debug|x86.ActiveCfg = Debug|Win32
		{174156FC-9398-4166-B661-49A84203B2D3}.Debug|x86.Build.0 = Debug|Win32
		{174156FC-9398-4166-B661-49A84203B2D3}.Release|x64.ActiveCfg = Release|x64
		{174156FC-9398-4166-B661-49A84203B2D3}.Release|x64.Build.0 = Release|x64
		{174156FC-9398-4166-B661-49A84203B2D3}.Release|x86.ActiveCfg = Release|Win32
		{174156FC-9398-4166-B661-49A84203B2D3}.Release|x86.Build.0 = Release|Win32
		{49F09269-50E0-4801-9215-F79A151BB37D}.Debug|x64.ActiveCfg = Debug|x64
		{49F09269-50E0-4801-9215-F79A151BB37D}.Debug|x64.Build.0 = Debug|x64
		{49F09269-50E0-4801-9215-F79A151BB37D}.Debug|x86.ActiveCfg = Debug|Win32
		{49F09269-50E0-4801-9215-F79A151BB37D}.Debug|x86.Build.0 = Debug|Win32
		{49F09269-50E0-4801-9215-F79A151BB37D}.Release|x64.ActiveCfg = Release|x64
		{49F09269-50E0-4801-9215-F79A151BB37D}.Release|x64.Build.0 = Release|x64
		{49F09269-50E0-4801-9215-F79A151BB37D}.Release|x86.ActiveCfg = Release|Win32
		{49F09269-50E0-4801-9215-F79A151BB37D}.Release|x86.Build.0 = Release|Win32
		{736A8338-9335-49B0-950D-BD415AADCDBC}.Debug|x64.ActiveCfg = Debug|x64
		{736A8338-9335-49B0-950D-BD415AADCDBC}.Debug|x64.Build.0 = Debug|x64
		{736A8338-9335-49B0-950D-BD415AADCDBC}.Debug|x86.ActiveCfg = Debug|Win32
		{736A8338-9335-49B0-950D-BD415AADCDBC}.Debug|x86.Build.0 = Debug|Win32
		{736A8338-9335-49B0-950D-BD415AADCDBC}.Release|x64.ActiveCfg = Release|x64
		{736A8338-9335-49B0-950D-BD415AADCDBC}.Release|x64.Build.0 = Release|x64
		{736A8338-9335-49B0-950D-BD415AADCDBC}.Release|x86.ActiveCfg = Release|Win32
		{736A8338-9335-49B0-950D-BD415AADCDBC}.Release|x86.Build.0 = Release|Win32
		{74A1E4ED-4ACF-472F-BCAE-D84D38CB1854}.Debug|x64.ActiveCfg = Debug|x64
		{74A1E4ED-4ACF-472F-BCAE-D84D38CB1854}.Debug|x64.Build.0 = Debug|x64
		{74A1E4ED-4ACF-472F-BCAE-D84D38CB1854}.Debug|x86.ActiveCfg = Debug|Win32
		{74A1E4ED-4ACF-472F-BCAE-D84D38CB1854}.Debug|x86.Build.0 = Debug|Win32
		{74A1E4ED-4ACF-472F-BCAE-D84D38CB1854}.Release|x64.ActiveCfg = Release|x64
		{74A1E4ED-4ACF-472F-BCAE-D84D38CB1854}.Release|x64.Build.0 = Release|x64
		{74A1E4ED-4ACF-472F-BCAE-D84D38CB1854}.Release|x86.ActiveCfg = Release|Win32
		{74A1E4ED-4ACF-472F-BCAE-D84D38CB1854}.Release|x86.Build.0 = Release|Win32
		{98BEC852-2844-4C40-BAB1-6320BFDD223C}.Debug|x64.ActiveCfg = Debug|x64
		{98BEC852-2844-4C40-BAB1-6320BFDD223C}.Debug|x64.Build.0 = Debug|x64
		{98BEC852-2844-4C40-BAB1-6320BFDD223C}.Debug|x86.ActiveCfg = Debug|Win32
		{98BEC852-2844-4C40-BAB1-6320BFDD223C}.Debug|x86.Build.0 = Debug|Win32
		{98BEC852-2844-4C40-BAB1-6320BFDD223C}.Release|x64.ActiveCfg = Release|x64
		{98BEC852-2844-4C40-BAB1-6320BFDD223C}.Release|x64.Build.0 = Release|x64
		{98BEC852-2844-4C40-BAB1-6320BFDD223C}.Release|x86.ActiveCfg = Release|Win32
		{98BEC852-2844-4C40-BAB1-6320BFDD223C}.Release|x86.Build.0 = Release|Win32
		{472166F3-13E1-46A1-89CB-D623A074E2AE}.Debug|x64.ActiveCfg = Debug|x64
		{472166F3-13E1-46A1-89CB-D623A074E2AE}.Debug|x64.Build.0 = Debug|x64
		{472166F3-13E1-46A1-89CB-D623A074E2AE}.Debug|x86.ActiveCfg = Debug|Win32
		{472166F3-13E1-46A1-89CB-D623A074E2AE}.Debug|x86.Build.0 = Debug|Win32
		{472166F3-13E1-46A1-89CB-D623A074E2AE}.Release|x64.ActiveCfg = Release|x64
		{472166F3-13E1-46A1-89CB-D623A074E2AE}.Release|x64.Build.0 = Release|x64
		{472166F3-13E1-46A1-89CB-D623A074E2AE}.Release|x86.ActiveCfg = Release|Win32
		{472166F3-13E1-46A1-89CB-D623A074E2AE}.Release|x86.Build.0 = Release|Win32
	EndGlobalSection
	GlobalSection(SolutionProperties) = preSolution
		HideSolutionNode = FALSE
	EndGlobalSection
	GlobalSection(ExtensibilityGlobals) = postSolution
		SolutionGuid = {4F96C276-577C-494A-A2CA-5F6A5E51B693}
	EndGlobalSection
EndGlobal
